// !$*UTF8*$!
{
	archiveVersion = 1;
	classes = {
	};
	objectVersion = 50;
	objects = {

/* Begin PBXBuildFile section */
		EE98208D247F8E87009F58CC /* AppDelegate.swift in Sources */ = {isa = PBXBuildFile; fileRef = EE98208C247F8E87009F58CC /* AppDelegate.swift */; };
		EE98208F247F8E87009F58CC /* SceneDelegate.swift in Sources */ = {isa = PBXBuildFile; fileRef = EE98208E247F8E87009F58CC /* SceneDelegate.swift */; };
		EE982091247F8E87009F58CC /* ContentView.swift in Sources */ = {isa = PBXBuildFile; fileRef = EE982090247F8E87009F58CC /* ContentView.swift */; };
		EE982093247F8E89009F58CC /* Assets.xcassets in Resources */ = {isa = PBXBuildFile; fileRef = EE982092247F8E89009F58CC /* Assets.xcassets */; };
		EE982096247F8E89009F58CC /* Preview Assets.xcassets in Resources */ = {isa = PBXBuildFile; fileRef = EE982095247F8E89009F58CC /* Preview Assets.xcassets */; };
		EE982099247F8E89009F58CC /* LaunchScreen.storyboard in Resources */ = {isa = PBXBuildFile; fileRef = EE982097247F8E89009F58CC /* LaunchScreen.storyboard */; };
		EE9820A4247F9582009F58CC /* StarWars.swift in Sources */ = {isa = PBXBuildFile; fileRef = EE9820A3247F9582009F58CC /* StarWars.swift */; };
		EE9820A6247F9B1D009F58CC /* HomeWorldView.swift in Sources */ = {isa = PBXBuildFile; fileRef = EE9820A5247F9B1D009F58CC /* HomeWorldView.swift */; };
		EE9820A9247FDF21009F58CC /* Data+Constants.swift in Sources */ = {isa = PBXBuildFile; fileRef = EE9820A8247FDF21009F58CC /* Data+Constants.swift */; };
		EE9820AC247FE296009F58CC /* HomeView.swift in Sources */ = {isa = PBXBuildFile; fileRef = EE9820AB247FE296009F58CC /* HomeView.swift */; };
		EE9820AE24800929009F58CC /* HomeWorld.swift in Sources */ = {isa = PBXBuildFile; fileRef = EE9820AD24800929009F58CC /* HomeWorld.swift */; };
		EE9820B024800CBA009F58CC /* VehiclesView.swift in Sources */ = {isa = PBXBuildFile; fileRef = EE9820AF24800CBA009F58CC /* VehiclesView.swift */; };
		EE9820B224800CC8009F58CC /* StarshipView.swift in Sources */ = {isa = PBXBuildFile; fileRef = EE9820B124800CC8009F58CC /* StarshipView.swift */; };
		EE9820B424800CD8009F58CC /* SpeciesView.swift in Sources */ = {isa = PBXBuildFile; fileRef = EE9820B324800CD8009F58CC /* SpeciesView.swift */; };
		EE9820B6248026F2009F58CC /* Homeworld.swift in Sources */ = {isa = PBXBuildFile; fileRef = EE9820B5248026F2009F58CC /* Homeworld.swift */; };
		EE9820B82480DBA6009F58CC /* Vehicles.swift in Sources */ = {isa = PBXBuildFile; fileRef = EE9820B72480DBA6009F58CC /* Vehicles.swift */; };
		EE9820BA2480F10F009F58CC /* Fonts in Resources */ = {isa = PBXBuildFile; fileRef = EE9820B92480F10F009F58CC /* Fonts */; };
		EE9820BC2480FFD6009F58CC /* Starship.swift in Sources */ = {isa = PBXBuildFile; fileRef = EE9820BB2480FFD6009F58CC /* Starship.swift */; };
		EE9820BE24811F1C009F58CC /* Films.swift in Sources */ = {isa = PBXBuildFile; fileRef = EE9820BD24811F1C009F58CC /* Films.swift */; };
		EE9820C024815CA9009F58CC /* Species.swift in Sources */ = {isa = PBXBuildFile; fileRef = EE9820BF24815CA9009F58CC /* Species.swift */; };
		EE9820C2248178EB009F58CC /* PlanetTab.swift in Sources */ = {isa = PBXBuildFile; fileRef = EE9820C1248178EB009F58CC /* PlanetTab.swift */; };
		EEB9AB6C2482281000AEE781 /* Planet.swift in Sources */ = {isa = PBXBuildFile; fileRef = EEB9AB6B2482281000AEE781 /* Planet.swift */; };
		EEB9AB702482399000AEE781 /* PlanetView.swift in Sources */ = {isa = PBXBuildFile; fileRef = EEB9AB6F2482399000AEE781 /* PlanetView.swift */; };
		EEB9AB73248260EC00AEE781 /* PlanetVC.swift in Sources */ = {isa = PBXBuildFile; fileRef = EEB9AB72248260EC00AEE781 /* PlanetVC.swift */; };
		EEB9AB752482841400AEE781 /* MoviesView.swift in Sources */ = {isa = PBXBuildFile; fileRef = EEB9AB742482841400AEE781 /* MoviesView.swift */; };
		EEB9AB7724828F4E00AEE781 /* MovieVC.swift in Sources */ = {isa = PBXBuildFile; fileRef = EEB9AB7624828F4E00AEE781 /* MovieVC.swift */; };
		EEB9AB79248294A300AEE781 /* MovieInfoView.swift in Sources */ = {isa = PBXBuildFile; fileRef = EEB9AB78248294A300AEE781 /* MovieInfoView.swift */; };
		EEB9AB7B2482A4CA00AEE781 /* Movie.swift in Sources */ = {isa = PBXBuildFile; fileRef = EEB9AB7A2482A4CA00AEE781 /* Movie.swift */; };
		EEB9AB7F2485127900AEE781 /* TrailerView.swift in Sources */ = {isa = PBXBuildFile; fileRef = EEB9AB7E2485127900AEE781 /* TrailerView.swift */; };
		EEB9AB812485218500AEE781 /* PlanetName.swift in Sources */ = {isa = PBXBuildFile; fileRef = EEB9AB802485218500AEE781 /* PlanetName.swift */; };
		EEB9AB8324867B2F00AEE781 /* QuizTab.swift in Sources */ = {isa = PBXBuildFile; fileRef = EEB9AB8224867B2F00AEE781 /* QuizTab.swift */; };
		EEB9AB8524867DEB00AEE781 /* QuizView.swift in Sources */ = {isa = PBXBuildFile; fileRef = EEB9AB8424867DEB00AEE781 /* QuizView.swift */; };
		EEB9AB8724867F0C00AEE781 /* Quiz.swift in Sources */ = {isa = PBXBuildFile; fileRef = EEB9AB8624867F0C00AEE781 /* Quiz.swift */; };
		EEB9AB8924868D0900AEE781 /* QuizVC.swift in Sources */ = {isa = PBXBuildFile; fileRef = EEB9AB8824868D0900AEE781 /* QuizVC.swift */; };
/* End PBXBuildFile section */

/* Begin PBXFileReference section */
		EE982089247F8E87009F58CC /* StarWars.app */ = {isa = PBXFileReference; explicitFileType = wrapper.application; includeInIndex = 0; path = StarWars.app; sourceTree = BUILT_PRODUCTS_DIR; };
		EE98208C247F8E87009F58CC /* AppDelegate.swift */ = {isa = PBXFileReference; lastKnownFileType = sourcecode.swift; path = AppDelegate.swift; sourceTree = "<group>"; };
		EE98208E247F8E87009F58CC /* SceneDelegate.swift */ = {isa = PBXFileReference; lastKnownFileType = sourcecode.swift; path = SceneDelegate.swift; sourceTree = "<group>"; };
		EE982090247F8E87009F58CC /* ContentView.swift */ = {isa = PBXFileReference; lastKnownFileType = sourcecode.swift; path = ContentView.swift; sourceTree = "<group>"; };
		EE982092247F8E89009F58CC /* Assets.xcassets */ = {isa = PBXFileReference; lastKnownFileType = folder.assetcatalog; path = Assets.xcassets; sourceTree = "<group>"; };
		EE982095247F8E89009F58CC /* Preview Assets.xcassets */ = {isa = PBXFileReference; lastKnownFileType = folder.assetcatalog; path = "Preview Assets.xcassets"; sourceTree = "<group>"; };
		EE982098247F8E89009F58CC /* Base */ = {isa = PBXFileReference; lastKnownFileType = file.storyboard; name = Base; path = Base.lproj/LaunchScreen.storyboard; sourceTree = "<group>"; };
		EE98209A247F8E89009F58CC /* Info.plist */ = {isa = PBXFileReference; lastKnownFileType = text.plist.xml; path = Info.plist; sourceTree = "<group>"; };
		EE9820A3247F9582009F58CC /* StarWars.swift */ = {isa = PBXFileReference; lastKnownFileType = sourcecode.swift; path = StarWars.swift; sourceTree = "<group>"; };
		EE9820A5247F9B1D009F58CC /* HomeWorldView.swift */ = {isa = PBXFileReference; lastKnownFileType = sourcecode.swift; path = HomeWorldView.swift; sourceTree = "<group>"; };
		EE9820A8247FDF21009F58CC /* Data+Constants.swift */ = {isa = PBXFileReference; lastKnownFileType = sourcecode.swift; path = "Data+Constants.swift"; sourceTree = "<group>"; };
		EE9820AB247FE296009F58CC /* HomeView.swift */ = {isa = PBXFileReference; lastKnownFileType = sourcecode.swift; path = HomeView.swift; sourceTree = "<group>"; };
		EE9820AD24800929009F58CC /* HomeWorld.swift */ = {isa = PBXFileReference; lastKnownFileType = sourcecode.swift; path = HomeWorld.swift; sourceTree = "<group>"; };
		EE9820AF24800CBA009F58CC /* VehiclesView.swift */ = {isa = PBXFileReference; lastKnownFileType = sourcecode.swift; path = VehiclesView.swift; sourceTree = "<group>"; };
		EE9820B124800CC8009F58CC /* StarshipView.swift */ = {isa = PBXFileReference; lastKnownFileType = sourcecode.swift; path = StarshipView.swift; sourceTree = "<group>"; };
		EE9820B324800CD8009F58CC /* SpeciesView.swift */ = {isa = PBXFileReference; lastKnownFileType = sourcecode.swift; path = SpeciesView.swift; sourceTree = "<group>"; };
		EE9820B5248026F2009F58CC /* Homeworld.swift */ = {isa = PBXFileReference; lastKnownFileType = sourcecode.swift; path = Homeworld.swift; sourceTree = "<group>"; };
		EE9820B72480DBA6009F58CC /* Vehicles.swift */ = {isa = PBXFileReference; lastKnownFileType = sourcecode.swift; path = Vehicles.swift; sourceTree = "<group>"; };
		EE9820B92480F10F009F58CC /* Fonts */ = {isa = PBXFileReference; lastKnownFileType = folder; path = Fonts; sourceTree = "<group>"; };
		EE9820BB2480FFD6009F58CC /* Starship.swift */ = {isa = PBXFileReference; lastKnownFileType = sourcecode.swift; path = Starship.swift; sourceTree = "<group>"; };
		EE9820BD24811F1C009F58CC /* Films.swift */ = {isa = PBXFileReference; lastKnownFileType = sourcecode.swift; path = Films.swift; sourceTree = "<group>"; };
		EE9820BF24815CA9009F58CC /* Species.swift */ = {isa = PBXFileReference; lastKnownFileType = sourcecode.swift; path = Species.swift; sourceTree = "<group>"; };
		EE9820C1248178EB009F58CC /* PlanetTab.swift */ = {isa = PBXFileReference; lastKnownFileType = sourcecode.swift; path = PlanetTab.swift; sourceTree = "<group>"; };
		EEB9AB6B2482281000AEE781 /* Planet.swift */ = {isa = PBXFileReference; lastKnownFileType = sourcecode.swift; path = Planet.swift; sourceTree = "<group>"; };
		EEB9AB6F2482399000AEE781 /* PlanetView.swift */ = {isa = PBXFileReference; lastKnownFileType = sourcecode.swift; path = PlanetView.swift; sourceTree = "<group>"; };
		EEB9AB72248260EC00AEE781 /* PlanetVC.swift */ = {isa = PBXFileReference; lastKnownFileType = sourcecode.swift; path = PlanetVC.swift; sourceTree = "<group>"; };
		EEB9AB742482841400AEE781 /* MoviesView.swift */ = {isa = PBXFileReference; lastKnownFileType = sourcecode.swift; path = MoviesView.swift; sourceTree = "<group>"; };
		EEB9AB7624828F4E00AEE781 /* MovieVC.swift */ = {isa = PBXFileReference; lastKnownFileType = sourcecode.swift; path = MovieVC.swift; sourceTree = "<group>"; };
		EEB9AB78248294A300AEE781 /* MovieInfoView.swift */ = {isa = PBXFileReference; lastKnownFileType = sourcecode.swift; path = MovieInfoView.swift; sourceTree = "<group>"; };
		EEB9AB7A2482A4CA00AEE781 /* Movie.swift */ = {isa = PBXFileReference; lastKnownFileType = sourcecode.swift; path = Movie.swift; sourceTree = "<group>"; };
		EEB9AB7E2485127900AEE781 /* TrailerView.swift */ = {isa = PBXFileReference; lastKnownFileType = sourcecode.swift; path = TrailerView.swift; sourceTree = "<group>"; };
		EEB9AB802485218500AEE781 /* PlanetName.swift */ = {isa = PBXFileReference; lastKnownFileType = sourcecode.swift; path = PlanetName.swift; sourceTree = "<group>"; };
		EEB9AB8224867B2F00AEE781 /* QuizTab.swift */ = {isa = PBXFileReference; lastKnownFileType = sourcecode.swift; path = QuizTab.swift; sourceTree = "<group>"; };
		EEB9AB8424867DEB00AEE781 /* QuizView.swift */ = {isa = PBXFileReference; lastKnownFileType = sourcecode.swift; path = QuizView.swift; sourceTree = "<group>"; };
		EEB9AB8624867F0C00AEE781 /* Quiz.swift */ = {isa = PBXFileReference; lastKnownFileType = sourcecode.swift; path = Quiz.swift; sourceTree = "<group>"; };
		EEB9AB8824868D0900AEE781 /* QuizVC.swift */ = {isa = PBXFileReference; lastKnownFileType = sourcecode.swift; path = QuizVC.swift; sourceTree = "<group>"; };
/* End PBXFileReference section */

/* Begin PBXFrameworksBuildPhase section */
		EE982086247F8E87009F58CC /* Frameworks */ = {
			isa = PBXFrameworksBuildPhase;
			buildActionMask = 2147483647;
			files = (
			);
			runOnlyForDeploymentPostprocessing = 0;
		};
/* End PBXFrameworksBuildPhase section */

/* Begin PBXGroup section */
		EE982080247F8E87009F58CC = {
			isa = PBXGroup;
			children = (
				EE98208B247F8E87009F58CC /* StarWars */,
				EE98208A247F8E87009F58CC /* Products */,
			);
			sourceTree = "<group>";
		};
		EE98208A247F8E87009F58CC /* Products */ = {
			isa = PBXGroup;
			children = (
				EE982089247F8E87009F58CC /* StarWars.app */,
			);
			name = Products;
			sourceTree = "<group>";
		};
		EE98208B247F8E87009F58CC /* StarWars */ = {
			isa = PBXGroup;
			children = (
				EE9820A7247FDF14009F58CC /* Data */,
				EEB9AB71248260DD00AEE781 /* Controller */,
				EE9820B92480F10F009F58CC /* Fonts */,
				EE9820A2247F956F009F58CC /* Model */,
				EE9820AA247FE286009F58CC /* Views */,
				EE98208C247F8E87009F58CC /* AppDelegate.swift */,
				EE98208E247F8E87009F58CC /* SceneDelegate.swift */,
				EE982090247F8E87009F58CC /* ContentView.swift */,
				EE982092247F8E89009F58CC /* Assets.xcassets */,
				EE982097247F8E89009F58CC /* LaunchScreen.storyboard */,
				EE98209A247F8E89009F58CC /* Info.plist */,
				EE982094247F8E89009F58CC /* Preview Content */,
				EE9820A5247F9B1D009F58CC /* HomeWorldView.swift */,
				EE9820C1248178EB009F58CC /* PlanetTab.swift */,
				EEB9AB8224867B2F00AEE781 /* QuizTab.swift */,
			);
			path = StarWars;
			sourceTree = "<group>";
		};
		EE982094247F8E89009F58CC /* Preview Content */ = {
			isa = PBXGroup;
			children = (
				EE982095247F8E89009F58CC /* Preview Assets.xcassets */,
			);
			path = "Preview Content";
			sourceTree = "<group>";
		};
		EE9820A2247F956F009F58CC /* Model */ = {
			isa = PBXGroup;
			children = (
				EE9820A3247F9582009F58CC /* StarWars.swift */,
				EE9820B5248026F2009F58CC /* Homeworld.swift */,
				EE9820B72480DBA6009F58CC /* Vehicles.swift */,
				EE9820BB2480FFD6009F58CC /* Starship.swift */,
				EE9820BD24811F1C009F58CC /* Films.swift */,
				EE9820BF24815CA9009F58CC /* Species.swift */,
				EEB9AB6B2482281000AEE781 /* Planet.swift */,
				EEB9AB7A2482A4CA00AEE781 /* Movie.swift */,
				EEB9AB802485218500AEE781 /* PlanetName.swift */,
				EEB9AB8624867F0C00AEE781 /* Quiz.swift */,
			);
			path = Model;
			sourceTree = "<group>";
		};
		EE9820A7247FDF14009F58CC /* Data */ = {
			isa = PBXGroup;
			children = (
				EE9820A8247FDF21009F58CC /* Data+Constants.swift */,
			);
			path = Data;
			sourceTree = "<group>";
		};
		EE9820AA247FE286009F58CC /* Views */ = {
			isa = PBXGroup;
			children = (
				EE9820AB247FE296009F58CC /* HomeView.swift */,
				EE9820AD24800929009F58CC /* HomeWorld.swift */,
				EE9820AF24800CBA009F58CC /* VehiclesView.swift */,
				EE9820B124800CC8009F58CC /* StarshipView.swift */,
				EE9820B324800CD8009F58CC /* SpeciesView.swift */,
				EEB9AB6F2482399000AEE781 /* PlanetView.swift */,
				EEB9AB742482841400AEE781 /* MoviesView.swift */,
				EEB9AB78248294A300AEE781 /* MovieInfoView.swift */,
				EEB9AB7E2485127900AEE781 /* TrailerView.swift */,
				EEB9AB8424867DEB00AEE781 /* QuizView.swift */,
			);
			path = Views;
			sourceTree = "<group>";
		};
		EEB9AB71248260DD00AEE781 /* Controller */ = {
			isa = PBXGroup;
			children = (
				EEB9AB72248260EC00AEE781 /* PlanetVC.swift */,
				EEB9AB7624828F4E00AEE781 /* MovieVC.swift */,
				EEB9AB8824868D0900AEE781 /* QuizVC.swift */,
			);
			path = Controller;
			sourceTree = "<group>";
		};
/* End PBXGroup section */

/* Begin PBXNativeTarget section */
		EE982088247F8E87009F58CC /* StarWars */ = {
			isa = PBXNativeTarget;
			buildConfigurationList = EE98209D247F8E89009F58CC /* Build configuration list for PBXNativeTarget "StarWars" */;
			buildPhases = (
				EE982085247F8E87009F58CC /* Sources */,
				EE982086247F8E87009F58CC /* Frameworks */,
				EE982087247F8E87009F58CC /* Resources */,
			);
			buildRules = (
			);
			dependencies = (
			);
			name = StarWars;
			productName = StarWars;
			productReference = EE982089247F8E87009F58CC /* StarWars.app */;
			productType = "com.apple.product-type.application";
		};
/* End PBXNativeTarget section */

/* Begin PBXProject section */
		EE982081247F8E87009F58CC /* Project object */ = {
			isa = PBXProject;
			attributes = {
				LastSwiftUpdateCheck = 1140;
				LastUpgradeCheck = 1140;
				ORGANIZATIONNAME = ThinkX;
				TargetAttributes = {
					EE982088247F8E87009F58CC = {
						CreatedOnToolsVersion = 11.4.1;
					};
				};
			};
			buildConfigurationList = EE982084247F8E87009F58CC /* Build configuration list for PBXProject "StarWars" */;
			compatibilityVersion = "Xcode 9.3";
			developmentRegion = en;
			hasScannedForEncodings = 0;
			knownRegions = (
				en,
				Base,
			);
			mainGroup = EE982080247F8E87009F58CC;
			productRefGroup = EE98208A247F8E87009F58CC /* Products */;
			projectDirPath = "";
			projectRoot = "";
			targets = (
				EE982088247F8E87009F58CC /* StarWars */,
			);
		};
/* End PBXProject section */

/* Begin PBXResourcesBuildPhase section */
		EE982087247F8E87009F58CC /* Resources */ = {
			isa = PBXResourcesBuildPhase;
			buildActionMask = 2147483647;
			files = (
				EE982099247F8E89009F58CC /* LaunchScreen.storyboard in Resources */,
				EE982096247F8E89009F58CC /* Preview Assets.xcassets in Resources */,
				EE982093247F8E89009F58CC /* Assets.xcassets in Resources */,
				EE9820BA2480F10F009F58CC /* Fonts in Resources */,
			);
			runOnlyForDeploymentPostprocessing = 0;
		};
/* End PBXResourcesBuildPhase section */

/* Begin PBXSourcesBuildPhase section */
		EE982085247F8E87009F58CC /* Sources */ = {
			isa = PBXSourcesBuildPhase;
			buildActionMask = 2147483647;
			files = (
				EEB9AB7F2485127900AEE781 /* TrailerView.swift in Sources */,
				EEB9AB8924868D0900AEE781 /* QuizVC.swift in Sources */,
				EE9820C2248178EB009F58CC /* PlanetTab.swift in Sources */,
				EE9820B024800CBA009F58CC /* VehiclesView.swift in Sources */,
				EEB9AB8324867B2F00AEE781 /* QuizTab.swift in Sources */,
				EEB9AB73248260EC00AEE781 /* PlanetVC.swift in Sources */,
				EE9820BC2480FFD6009F58CC /* Starship.swift in Sources */,
				EEB9AB752482841400AEE781 /* MoviesView.swift in Sources */,
				EEB9AB6C2482281000AEE781 /* Planet.swift in Sources */,
				EE9820B424800CD8009F58CC /* SpeciesView.swift in Sources */,
				EE9820A4247F9582009F58CC /* StarWars.swift in Sources */,
				EE9820C024815CA9009F58CC /* Species.swift in Sources */,
				EEB9AB7724828F4E00AEE781 /* MovieVC.swift in Sources */,
				EEB9AB8724867F0C00AEE781 /* Quiz.swift in Sources */,
				EE9820B6248026F2009F58CC /* Homeworld.swift in Sources */,
				EE9820AC247FE296009F58CC /* HomeView.swift in Sources */,
				EE98208D247F8E87009F58CC /* AppDelegate.swift in Sources */,
				EEB9AB812485218500AEE781 /* PlanetName.swift in Sources */,
				EE9820B224800CC8009F58CC /* StarshipView.swift in Sources */,
				EEB9AB7B2482A4CA00AEE781 /* Movie.swift in Sources */,
				EEB9AB79248294A300AEE781 /* MovieInfoView.swift in Sources */,
				EE9820AE24800929009F58CC /* HomeWorld.swift in Sources */,
				EE98208F247F8E87009F58CC /* SceneDelegate.swift in Sources */,
				EE9820BE24811F1C009F58CC /* Films.swift in Sources */,
				EEB9AB702482399000AEE781 /* PlanetView.swift in Sources */,
				EE9820A6247F9B1D009F58CC /* HomeWorldView.swift in Sources */,
				EE982091247F8E87009F58CC /* ContentView.swift in Sources */,
				EEB9AB8524867DEB00AEE781 /* QuizView.swift in Sources */,
				EE9820A9247FDF21009F58CC /* Data+Constants.swift in Sources */,
				EE9820B82480DBA6009F58CC /* Vehicles.swift in Sources */,
			);
			runOnlyForDeploymentPostprocessing = 0;
		};
/* End PBXSourcesBuildPhase section */

/* Begin PBXVariantGroup section */
		EE982097247F8E89009F58CC /* LaunchScreen.storyboard */ = {
			isa = PBXVariantGroup;
			children = (
				EE982098247F8E89009F58CC /* Base */,
			);
			name = LaunchScreen.storyboard;
			sourceTree = "<group>";
		};
/* End PBXVariantGroup section */

/* Begin XCBuildConfiguration section */
		EE98209B247F8E89009F58CC /* Debug */ = {
			isa = XCBuildConfiguration;
			buildSettings = {
				ALWAYS_SEARCH_USER_PATHS = NO;
				CLANG_ANALYZER_NONNULL = YES;
				CLANG_ANALYZER_NUMBER_OBJECT_CONVERSION = YES_AGGRESSIVE;
				CLANG_CXX_LANGUAGE_STANDARD = "gnu++14";
				CLANG_CXX_LIBRARY = "libc++";
				CLANG_ENABLE_MODULES = YES;
				CLANG_ENABLE_OBJC_ARC = YES;
				CLANG_ENABLE_OBJC_WEAK = YES;
				CLANG_WARN_BLOCK_CAPTURE_AUTORELEASING = YES;
				CLANG_WARN_BOOL_CONVERSION = YES;
				CLANG_WARN_COMMA = YES;
				CLANG_WARN_CONSTANT_CONVERSION = YES;
				CLANG_WARN_DEPRECATED_OBJC_IMPLEMENTATIONS = YES;
				CLANG_WARN_DIRECT_OBJC_ISA_USAGE = YES_ERROR;
				CLANG_WARN_DOCUMENTATION_COMMENTS = YES;
				CLANG_WARN_EMPTY_BODY = YES;
				CLANG_WARN_ENUM_CONVERSION = YES;
				CLANG_WARN_INFINITE_RECURSION = YES;
				CLANG_WARN_INT_CONVERSION = YES;
				CLANG_WARN_NON_LITERAL_NULL_CONVERSION = YES;
				CLANG_WARN_OBJC_IMPLICIT_RETAIN_SELF = YES;
				CLANG_WARN_OBJC_LITERAL_CONVERSION = YES;
				CLANG_WARN_OBJC_ROOT_CLASS = YES_ERROR;
				CLANG_WARN_RANGE_LOOP_ANALYSIS = YES;
				CLANG_WARN_STRICT_PROTOTYPES = YES;
				CLANG_WARN_SUSPICIOUS_MOVE = YES;
				CLANG_WARN_UNGUARDED_AVAILABILITY = YES_AGGRESSIVE;
				CLANG_WARN_UNREACHABLE_CODE = YES;
				CLANG_WARN__DUPLICATE_METHOD_MATCH = YES;
				COPY_PHASE_STRIP = NO;
				DEBUG_INFORMATION_FORMAT = dwarf;
				ENABLE_STRICT_OBJC_MSGSEND = YES;
				ENABLE_TESTABILITY = YES;
				GCC_C_LANGUAGE_STANDARD = gnu11;
				GCC_DYNAMIC_NO_PIC = NO;
				GCC_NO_COMMON_BLOCKS = YES;
				GCC_OPTIMIZATION_LEVEL = 0;
				GCC_PREPROCESSOR_DEFINITIONS = (
					"DEBUG=1",
					"$(inherited)",
				);
				GCC_WARN_64_TO_32_BIT_CONVERSION = YES;
				GCC_WARN_ABOUT_RETURN_TYPE = YES_ERROR;
				GCC_WARN_UNDECLARED_SELECTOR = YES;
				GCC_WARN_UNINITIALIZED_AUTOS = YES_AGGRESSIVE;
				GCC_WARN_UNUSED_FUNCTION = YES;
				GCC_WARN_UNUSED_VARIABLE = YES;
				IPHONEOS_DEPLOYMENT_TARGET = 13.4;
				MTL_ENABLE_DEBUG_INFO = INCLUDE_SOURCE;
				MTL_FAST_MATH = YES;
				ONLY_ACTIVE_ARCH = YES;
				SDKROOT = iphoneos;
				SWIFT_ACTIVE_COMPILATION_CONDITIONS = DEBUG;
				SWIFT_OPTIMIZATION_LEVEL = "-Onone";
			};
			name = Debug;
		};
		EE98209C247F8E89009F58CC /* Release */ = {
			isa = XCBuildConfiguration;
			buildSettings = {
				ALWAYS_SEARCH_USER_PATHS = NO;
				CLANG_ANALYZER_NONNULL = YES;
				CLANG_ANALYZER_NUMBER_OBJECT_CONVERSION = YES_AGGRESSIVE;
				CLANG_CXX_LANGUAGE_STANDARD = "gnu++14";
				CLANG_CXX_LIBRARY = "libc++";
				CLANG_ENABLE_MODULES = YES;
				CLANG_ENABLE_OBJC_ARC = YES;
				CLANG_ENABLE_OBJC_WEAK = YES;
				CLANG_WARN_BLOCK_CAPTURE_AUTORELEASING = YES;
				CLANG_WARN_BOOL_CONVERSION = YES;
				CLANG_WARN_COMMA = YES;
				CLANG_WARN_CONSTANT_CONVERSION = YES;
				CLANG_WARN_DEPRECATED_OBJC_IMPLEMENTATIONS = YES;
				CLANG_WARN_DIRECT_OBJC_ISA_USAGE = YES_ERROR;
				CLANG_WARN_DOCUMENTATION_COMMENTS = YES;
				CLANG_WARN_EMPTY_BODY = YES;
				CLANG_WARN_ENUM_CONVERSION = YES;
				CLANG_WARN_INFINITE_RECURSION = YES;
				CLANG_WARN_INT_CONVERSION = YES;
				CLANG_WARN_NON_LITERAL_NULL_CONVERSION = YES;
				CLANG_WARN_OBJC_IMPLICIT_RETAIN_SELF = YES;
				CLANG_WARN_OBJC_LITERAL_CONVERSION = YES;
				CLANG_WARN_OBJC_ROOT_CLASS = YES_ERROR;
				CLANG_WARN_RANGE_LOOP_ANALYSIS = YES;
				CLANG_WARN_STRICT_PROTOTYPES = YES;
				CLANG_WARN_SUSPICIOUS_MOVE = YES;
				CLANG_WARN_UNGUARDED_AVAILABILITY = YES_AGGRESSIVE;
				CLANG_WARN_UNREACHABLE_CODE = YES;
				CLANG_WARN__DUPLICATE_METHOD_MATCH = YES;
				COPY_PHASE_STRIP = NO;
				DEBUG_INFORMATION_FORMAT = "dwarf-with-dsym";
				ENABLE_NS_ASSERTIONS = NO;
				ENABLE_STRICT_OBJC_MSGSEND = YES;
				GCC_C_LANGUAGE_STANDARD = gnu11;
				GCC_NO_COMMON_BLOCKS = YES;
				GCC_WARN_64_TO_32_BIT_CONVERSION = YES;
				GCC_WARN_ABOUT_RETURN_TYPE = YES_ERROR;
				GCC_WARN_UNDECLARED_SELECTOR = YES;
				GCC_WARN_UNINITIALIZED_AUTOS = YES_AGGRESSIVE;
				GCC_WARN_UNUSED_FUNCTION = YES;
				GCC_WARN_UNUSED_VARIABLE = YES;
				IPHONEOS_DEPLOYMENT_TARGET = 13.4;
				MTL_ENABLE_DEBUG_INFO = NO;
				MTL_FAST_MATH = YES;
				SDKROOT = iphoneos;
				SWIFT_COMPILATION_MODE = wholemodule;
				SWIFT_OPTIMIZATION_LEVEL = "-O";
				VALIDATE_PRODUCT = YES;
			};
			name = Release;
		};
		EE98209E247F8E89009F58CC /* Debug */ = {
			isa = XCBuildConfiguration;
			buildSettings = {
				ASSETCATALOG_COMPILER_APPICON_NAME = AppIcon;
				CODE_SIGN_STYLE = Automatic;
				DEVELOPMENT_ASSET_PATHS = "\"StarWars/Preview Content\"";
				DEVELOPMENT_TEAM = JBK837HF7X;
				ENABLE_PREVIEWS = YES;
				INFOPLIST_FILE = StarWars/Info.plist;
				LD_RUNPATH_SEARCH_PATHS = (
					"$(inherited)",
					"@executable_path/Frameworks",
				);
				PRODUCT_BUNDLE_IDENTIFIER = com.harshitgajjar.StarWars;
				PRODUCT_NAME = "$(TARGET_NAME)";
				SWIFT_VERSION = 5.0;
				TARGETED_DEVICE_FAMILY = "1,2";
			};
			name = Debug;
		};
		EE98209F247F8E89009F58CC /* Release */ = {
			isa = XCBuildConfiguration;
			buildSettings = {
				ASSETCATALOG_COMPILER_APPICON_NAME = AppIcon;
				CODE_SIGN_STYLE = Automatic;
				DEVELOPMENT_ASSET_PATHS = "\"StarWars/Preview Content\"";
				DEVELOPMENT_TEAM = JBK837HF7X;
				ENABLE_PREVIEWS = YES;
				INFOPLIST_FILE = StarWars/Info.plist;
				LD_RUNPATH_SEARCH_PATHS = (
					"$(inherited)",
					"@executable_path/Frameworks",
				);
				PRODUCT_BUNDLE_IDENTIFIER = com.harshitgajjar.StarWars;
				PRODUCT_NAME = "$(TARGET_NAME)";
				SWIFT_VERSION = 5.0;
				TARGETED_DEVICE_FAMILY = "1,2";
			};
			name = Release;
		};
/* End XCBuildConfiguration section */

/* Begin XCConfigurationList section */
		EE982084247F8E87009F58CC /* Build configuration list for PBXProject "StarWars" */ = {
			isa = XCConfigurationList;
			buildConfigurations = (
				EE98209B247F8E89009F58CC /* Debug */,
				EE98209C247F8E89009F58CC /* Release */,
			);
			defaultConfigurationIsVisible = 0;
			defaultConfigurationName = Release;
		};
		EE98209D247F8E89009F58CC /* Build configuration list for PBXNativeTarget "StarWars" */ = {
			isa = XCConfigurationList;
			buildConfigurations = (
				EE98209E247F8E89009F58CC /* Debug */,
				EE98209F247F8E89009F58CC /* Release */,
			);
			defaultConfigurationIsVisible = 0;
			defaultConfigurationName = Release;
		};
/* End XCConfigurationList section */
	};
	rootObject = EE982081247F8E87009F58CC /* Project object */;
}
